
Microsoft Visual Studio Solution File, Format Version 12.00
# Visual Studio 2015
Project("{FAE04EC0-301F-11D3-BF4B-00C04F79EFBC}") = "ActionRPG.Plugins", "ActionRPG.Plugins.csproj", "{938F99FF-0003-EB6E-1420-599D938AC944}"
EndProject
Project("{FAE04EC0-301F-11D3-BF4B-00C04F79EFBC}") = "ActionRPG", "ActionRPG.csproj", "{B627BE34-BC91-837D-6BEB-4F8948C84D3C}"
EndProject
Project("{FAE04EC0-301F-11D3-BF4B-00C04F79EFBC}") = "ActionRPG.Editor.Plugins", "ActionRPG.Editor.Plugins.csproj", "{9402369A-99E8-A915-5DE3-C21AAC95EE3A}"
EndProject
Global
	GlobalSection(SolutionConfigurationPlatforms) = preSolution
		Debug|Any CPU = Debug|Any CPU
		Release|Any CPU = Release|Any CPU
	EndGlobalSection
	GlobalSection(ProjectConfigurationPlatforms) = postSolution
		{938F99FF-0003-EB6E-1420-599D938AC944}.Debug|Any CPU.ActiveCfg = Debug|Any CPU
		{938F99FF-0003-EB6E-1420-599D938AC944}.Debug|Any CPU.Build.0 = Debug|Any CPU
		{938F99FF-0003-EB6E-1420-599D938AC944}.Release|Any CPU.ActiveCfg = Release|Any CPU
		{938F99FF-0003-EB6E-1420-599D938AC944}.Release|Any CPU.Build.0 = Release|Any CPU
		{B627BE34-BC91-837D-6BEB-4F8948C84D3C}.Debug|Any CPU.ActiveCfg = Debug|Any CPU
		{B627BE34-BC91-837D-6BEB-4F8948C84D3C}.Debug|Any CPU.Build.0 = Debug|Any CPU
		{B627BE34-BC91-837D-6BEB-4F8948C84D3C}.Release|Any CPU.ActiveCfg = Release|Any CPU
		{B627BE34-BC91-837D-6BEB-4F8948C84D3C}.Release|Any CPU.Build.0 = Release|Any CPU
		{9402369A-99E8-A915-5DE3-C21AAC95EE3A}.Debug|Any CPU.ActiveCfg = Debug|Any CPU
		{9402369A-99E8-A915-5DE3-C21AAC95EE3A}.Debug|Any CPU.Build.0 = Debug|Any CPU
		{9402369A-99E8-A915-5DE3-C21AAC95EE3A}.Release|Any CPU.ActiveCfg = Release|Any CPU
		{9402369A-99E8-A915-5DE3-C21AAC95EE3A}.Release|Any CPU.Build.0 = Release|Any CPU
	EndGlobalSection
	GlobalSection(SolutionProperties) = preSolution
		HideSolutionNode = FALSE
	EndGlobalSection
EndGlobal
