
Microsoft Visual Studio Solution File, Format Version 12.00
# Visual Studio 2017
Project("{FAE04EC0-301F-11D3-BF4B-00C04F79EFBC}") = "actionRPG.Plugins", "actionRPG.Plugins.csproj", "{164572B0-769E-7A3E-AE1E-5441C26D811C}"
EndProject
Project("{FAE04EC0-301F-11D3-BF4B-00C04F79EFBC}") = "actionRPG", "actionRPG.csproj", "{B41A2D92-B466-830D-19EF-F0C56F4A8D7F}"
EndProject
Project("{FAE04EC0-301F-11D3-BF4B-00C04F79EFBC}") = "actionRPG.Editor.Plugins", "actionRPG.Editor.Plugins.csproj", "{9757D97C-CA2E-6FC8-A1E4-320F38CFD85B}"
EndProject
Global
	GlobalSection(SolutionConfigurationPlatforms) = preSolution
		Debug|Any CPU = Debug|Any CPU
		Release|Any CPU = Release|Any CPU
	EndGlobalSection
	GlobalSection(ProjectConfigurationPlatforms) = postSolution
		{164572B0-769E-7A3E-AE1E-5441C26D811C}.Debug|Any CPU.ActiveCfg = Debug|Any CPU
		{164572B0-769E-7A3E-AE1E-5441C26D811C}.Debug|Any CPU.Build.0 = Debug|Any CPU
		{164572B0-769E-7A3E-AE1E-5441C26D811C}.Release|Any CPU.ActiveCfg = Release|Any CPU
		{164572B0-769E-7A3E-AE1E-5441C26D811C}.Release|Any CPU.Build.0 = Release|Any CPU
		{B41A2D92-B466-830D-19EF-F0C56F4A8D7F}.Debug|Any CPU.ActiveCfg = Debug|Any CPU
		{B41A2D92-B466-830D-19EF-F0C56F4A8D7F}.Debug|Any CPU.Build.0 = Debug|Any CPU
		{B41A2D92-B466-830D-19EF-F0C56F4A8D7F}.Release|Any CPU.ActiveCfg = Release|Any CPU
		{B41A2D92-B466-830D-19EF-F0C56F4A8D7F}.Release|Any CPU.Build.0 = Release|Any CPU
		{9757D97C-CA2E-6FC8-A1E4-320F38CFD85B}.Debug|Any CPU.ActiveCfg = Debug|Any CPU
		{9757D97C-CA2E-6FC8-A1E4-320F38CFD85B}.Debug|Any CPU.Build.0 = Debug|Any CPU
		{9757D97C-CA2E-6FC8-A1E4-320F38CFD85B}.Release|Any CPU.ActiveCfg = Release|Any CPU
		{9757D97C-CA2E-6FC8-A1E4-320F38CFD85B}.Release|Any CPU.Build.0 = Release|Any CPU
	EndGlobalSection
	GlobalSection(SolutionProperties) = preSolution
		HideSolutionNode = FALSE
	EndGlobalSection
EndGlobal
